// !$*UTF8*$!
{
	archiveVersion = 1;
	classes = {
	};
	objectVersion = 46;
	objects = {

/* Begin PBXBuildFile section */
		123A0029FB7C578208C14E43 /* RuBeeSupport.m in Sources */ = {isa = PBXBuildFile; fileRef = 123A0859E09C82355409575D /* RuBeeSupport.m */; };
		123A00D027ECC7D210D01130 /* lmain.swift in Sources */ = {isa = PBXBuildFile; fileRef = 123A08496E7118EF27660999 /* lmain.swift */; };
		123A0230ACD715634EC05D9A /* SwiftTypes.swift in Sources */ = {isa = PBXBuildFile; fileRef = 123A05B8AE8EEE835C41283B /* SwiftTypes.swift */; };
		123A02AAEE3E866A051298A2 /* lmain.swift in Sources */ = {isa = PBXBuildFile; fileRef = 123A08496E7118EF27660999 /* lmain.swift */; };
		123A02CF61B81CEBFA89A8EE /* FoundationExtensions.swift in Sources */ = {isa = PBXBuildFile; fileRef = 123A08C0B342181AEDADD246 /* FoundationExtensions.swift */; };
		123A05BE302D3872F666BDF0 /* FoundationExtensions.swift in Sources */ = {isa = PBXBuildFile; fileRef = 123A08C0B342181AEDADD246 /* FoundationExtensions.swift */; };
		123A0869D47A5813EEFC72F5 /* SwiftTypes.swift in Sources */ = {isa = PBXBuildFile; fileRef = 123A05B8AE8EEE835C41283B /* SwiftTypes.swift */; };
		123A0880142C84A557C29826 /* RValue.swift in Sources */ = {isa = PBXBuildFile; fileRef = 123A0EA9F58CBC0C63B9D104 /* RValue.swift */; };
		123A0ABBD0546DB17F039A2E /* RValue.swift in Sources */ = {isa = PBXBuildFile; fileRef = 123A0EA9F58CBC0C63B9D104 /* RValue.swift */; };
		123A0B224A47ECCECC1DF2FE /* RuBee.swift in Sources */ = {isa = PBXBuildFile; fileRef = 123A056312ABA9870A1B834D /* RuBee.swift */; };
		123A0B7BB93338B8BAA13963 /* re.swift in Sources */ = {isa = PBXBuildFile; fileRef = 123A06EE6F63116D73E6195C /* re.swift */; };
		123A0B87A647F3CC2FB96383 /* re.swift in Sources */ = {isa = PBXBuildFile; fileRef = 123A06EE6F63116D73E6195C /* re.swift */; };
		123A0DD14DC67B321D52B3EA /* RuBeeSupport.m in Sources */ = {isa = PBXBuildFile; fileRef = 123A0859E09C82355409575D /* RuBeeSupport.m */; };
		123A0E7EAFE54B8789943A88 /* RuBee.swift in Sources */ = {isa = PBXBuildFile; fileRef = 123A056312ABA9870A1B834D /* RuBee.swift */; };
		123A0E7F0A0BE394CA4FE8E9 /* Interpreter.swift in Sources */ = {isa = PBXBuildFile; fileRef = 123A0674988EFB54850DE3F2 /* Interpreter.swift */; };
		123A0F041E90EDD1A86C7A84 /* Interpreter.swift in Sources */ = {isa = PBXBuildFile; fileRef = 123A0674988EFB54850DE3F2 /* Interpreter.swift */; };
		D84092431DE2476500B9A955 /* FunctionsTests.swift in Sources */ = {isa = PBXBuildFile; fileRef = D84092411DE2445D00B9A955 /* FunctionsTests.swift */; };
		_LinkFileRef_RuBee_via_RuBeeTests /* RuBee.framework in Frameworks */ = {isa = PBXBuildFile; fileRef = "_____Product_RuBee" /* RuBee.framework */; };
		__src_cc_ref_Tests/RuBeeTests/RuBeeTests.swift /* RuBeeTests.swift in Sources */ = {isa = PBXBuildFile; fileRef = __PBXFileRef_Tests/RuBeeTests/RuBeeTests.swift /* RuBeeTests.swift */; };
/* End PBXBuildFile section */

/* Begin PBXContainerItemProxy section */
		D8A2FF631DBC2BDA00D00EA5 /* PBXContainerItemProxy */ = {
			isa = PBXContainerItemProxy;
			containerPortal = __RootObject_ /* Project object */;
			proxyType = 1;
			remoteGlobalIDString = "______Target_RuBee";
			remoteInfo = RuBee;
		};
/* End PBXContainerItemProxy section */

/* Begin PBXFileReference section */
		123A056312ABA9870A1B834D /* RuBee.swift */ = {isa = PBXFileReference; fileEncoding = 4; lastKnownFileType = sourcecode.swift; path = RuBee.swift; sourceTree = "<group>"; };
		123A05B8AE8EEE835C41283B /* SwiftTypes.swift */ = {isa = PBXFileReference; fileEncoding = 4; lastKnownFileType = sourcecode.swift; path = SwiftTypes.swift; sourceTree = "<group>"; };
		123A0674988EFB54850DE3F2 /* Interpreter.swift */ = {isa = PBXFileReference; fileEncoding = 4; lastKnownFileType = sourcecode.swift; path = Interpreter.swift; sourceTree = "<group>"; };
		123A06EE6F63116D73E6195C /* re.swift */ = {isa = PBXFileReference; fileEncoding = 4; lastKnownFileType = sourcecode.swift; path = re.swift; sourceTree = "<group>"; };
		123A08496E7118EF27660999 /* lmain.swift */ = {isa = PBXFileReference; fileEncoding = 4; lastKnownFileType = sourcecode.swift; path = lmain.swift; sourceTree = "<group>"; };
		123A0859E09C82355409575D /* RuBeeSupport.m */ = {isa = PBXFileReference; fileEncoding = 4; lastKnownFileType = sourcecode.c.objc; path = RuBeeSupport.m; sourceTree = "<group>"; };
		123A08C0B342181AEDADD246 /* FoundationExtensions.swift */ = {isa = PBXFileReference; fileEncoding = 4; lastKnownFileType = sourcecode.swift; path = FoundationExtensions.swift; sourceTree = "<group>"; };
		123A0EA9F58CBC0C63B9D104 /* RValue.swift */ = {isa = PBXFileReference; fileEncoding = 4; lastKnownFileType = sourcecode.swift; path = RValue.swift; sourceTree = "<group>"; };
		123A0FB083C449A1965FC772 /* RuBeeSupport.h */ = {isa = PBXFileReference; fileEncoding = 4; lastKnownFileType = sourcecode.c.h; path = RuBeeSupport.h; sourceTree = "<group>"; };
		D84092411DE2445D00B9A955 /* FunctionsTests.swift */ = {isa = PBXFileReference; fileEncoding = 4; lastKnownFileType = sourcecode.swift; path = FunctionsTests.swift; sourceTree = "<group>"; };
		D8F7AEE21DCBEA57004074DC /* module.modulemap */ = {isa = PBXFileReference; lastKnownFileType = "sourcecode.module-map"; path = module.modulemap; sourceTree = "<group>"; };
		__PBXFileRef_Package.swift /* Package.swift */ = {isa = PBXFileReference; lastKnownFileType = sourcecode.swift; path = Package.swift; sourceTree = "<group>"; };
		__PBXFileRef_RuBee.xcodeproj/Configs/Project.xcconfig /* RuBee.xcodeproj/Configs/Project.xcconfig */ = {isa = PBXFileReference; lastKnownFileType = text.xcconfig; path = RuBee.xcodeproj/Configs/Project.xcconfig; sourceTree = "<group>"; };
		__PBXFileRef_Tests/RuBeeTests/RuBeeTests.swift /* RuBeeTests.swift */ = {isa = PBXFileReference; lastKnownFileType = sourcecode.swift; path = RuBeeTests.swift; sourceTree = "<group>"; };
		"_____Product_RuBee" /* RuBee.framework */ = {isa = PBXFileReference; explicitFileType = wrapper.framework; path = RuBee.framework; sourceTree = BUILT_PRODUCTS_DIR; };
		"_____Product_RuBeeTests" /* RuBeeTests.xctest */ = {isa = PBXFileReference; explicitFileType = wrapper.cfbundle; path = RuBeeTests.xctest; sourceTree = BUILT_PRODUCTS_DIR; };
/* End PBXFileReference section */

/* Begin PBXFrameworksBuildPhase section */
		"___LinkPhase_RuBee" /* Frameworks */ = {
			isa = PBXFrameworksBuildPhase;
			buildActionMask = 0;
			files = (
			);
			runOnlyForDeploymentPostprocessing = 0;
		};
		"___LinkPhase_RuBeeTests" /* Frameworks */ = {
			isa = PBXFrameworksBuildPhase;
			buildActionMask = 0;
			files = (
				_LinkFileRef_RuBee_via_RuBeeTests /* RuBee.framework in Frameworks */,
			);
			runOnlyForDeploymentPostprocessing = 0;
		};
/* End PBXFrameworksBuildPhase section */

/* Begin PBXGroup section */
		123A04394ED620348193F77B /* RuBeeSupport */ = {
			isa = PBXGroup;
			children = (
				D8F7AEE21DCBEA57004074DC /* module.modulemap */,
				123A0FB083C449A1965FC772 /* RuBeeSupport.h */,
			);
			path = RuBeeSupport;
			sourceTree = "<group>";
		};
		123A0ECD2ECF16BDF111CD74 /* RuBeeSupport */ = {
			isa = PBXGroup;
			children = (
				123A0859E09C82355409575D /* RuBeeSupport.m */,
				123A0F11E05D5563DCD03694 /* include */,
			);
			name = RuBeeSupport;
			path = Sources/RuBeeSupport;
			sourceTree = "<group>";
		};
		123A0ED2BCF1A161D6C5B584 /* RuBee */ = {
			isa = PBXGroup;
			children = (
				123A06EE6F63116D73E6195C /* re.swift */,
				123A08496E7118EF27660999 /* lmain.swift */,
				123A056312ABA9870A1B834D /* RuBee.swift */,
				123A0EA9F58CBC0C63B9D104 /* RValue.swift */,
				123A05B8AE8EEE835C41283B /* SwiftTypes.swift */,
				123A0674988EFB54850DE3F2 /* Interpreter.swift */,
				123A08C0B342181AEDADD246 /* FoundationExtensions.swift */,
			);
			name = RuBee;
			path = Sources/RuBee;
			sourceTree = "<group>";
		};
		123A0F11E05D5563DCD03694 /* include */ = {
			isa = PBXGroup;
			children = (
				123A04394ED620348193F77B /* RuBeeSupport */,
			);
			path = include;
			sourceTree = "<group>";
		};
		TestProducts_ /* Tests */ = {
			isa = PBXGroup;
			children = (
				"_____Product_RuBeeTests" /* RuBeeTests.xctest */,
			);
			name = Tests;
			sourceTree = "<group>";
		};
		"___RootGroup_" = {
			isa = PBXGroup;
			children = (
				__PBXFileRef_Package.swift /* Package.swift */,
				"_____Configs_" /* Configs */,
				"_____Sources_" /* Sources */,
				"_______Tests_" /* Tests */,
				"____Products_" /* Products */,
			);
			sourceTree = "<group>";
		};
		"____Products_" /* Products */ = {
			isa = PBXGroup;
			children = (
				TestProducts_ /* Tests */,
				"_____Product_RuBee" /* RuBee.framework */,
			);
			name = Products;
			sourceTree = "<group>";
		};
		"_____Configs_" /* Configs */ = {
			isa = PBXGroup;
			children = (
				__PBXFileRef_RuBee.xcodeproj/Configs/Project.xcconfig /* RuBee.xcodeproj/Configs/Project.xcconfig */,
			);
			name = Configs;
			sourceTree = "<group>";
		};
		"_____Sources_" /* Sources */ = {
			isa = PBXGroup;
			children = (
				123A0ED2BCF1A161D6C5B584 /* RuBee */,
				123A0ECD2ECF16BDF111CD74 /* RuBeeSupport */,
			);
			name = Sources;
			sourceTree = "<group>";
		};
		"_______Group_RuBeeTests" /* RuBeeTests */ = {
			isa = PBXGroup;
			children = (
				__PBXFileRef_Tests/RuBeeTests/RuBeeTests.swift /* RuBeeTests.swift */,
				D84092411DE2445D00B9A955 /* FunctionsTests.swift */,
			);
			name = RuBeeTests;
			path = Tests/RuBeeTests;
			sourceTree = "<group>";
		};
		"_______Tests_" /* Tests */ = {
			isa = PBXGroup;
			children = (
				"_______Group_RuBeeTests" /* RuBeeTests */,
			);
			name = Tests;
			sourceTree = "<group>";
		};
/* End PBXGroup section */

/* Begin PBXNativeTarget section */
		"______Target_RuBee" /* RuBee */ = {
			isa = PBXNativeTarget;
			buildConfigurationList = "_______Confs_RuBee" /* Build configuration list for PBXNativeTarget "RuBee" */;
			buildPhases = (
				CompilePhase_RuBee /* Sources */,
				"___LinkPhase_RuBee" /* Frameworks */,
			);
			buildRules = (
			);
			dependencies = (
			);
			name = RuBee;
			productName = RuBee;
			productReference = "_____Product_RuBee" /* RuBee.framework */;
			productType = "com.apple.product-type.framework";
		};
		"______Target_RuBeeTests" /* RuBeeTests */ = {
			isa = PBXNativeTarget;
			buildConfigurationList = "_______Confs_RuBeeTests" /* Build configuration list for PBXNativeTarget "RuBeeTests" */;
			buildPhases = (
				CompilePhase_RuBeeTests /* Sources */,
				"___LinkPhase_RuBeeTests" /* Frameworks */,
			);
			buildRules = (
			);
			dependencies = (
				__Dependency_RuBee /* PBXTargetDependency */,
			);
			name = RuBeeTests;
			productName = RuBeeTests;
			productReference = "_____Product_RuBeeTests" /* RuBeeTests.xctest */;
			productType = "com.apple.product-type.bundle.unit-test";
		};
/* End PBXNativeTarget section */

/* Begin PBXProject section */
		__RootObject_ /* Project object */ = {
			isa = PBXProject;
			attributes = {
				LastUpgradeCheck = 9999;
				TargetAttributes = {
					"______Target_RuBee" = {
						LastSwiftMigration = 0800;
					};
					"______Target_RuBeeTests" = {
						LastSwiftMigration = 0800;
					};
				};
			};
			buildConfigurationList = "___RootConfs_" /* Build configuration list for PBXProject "RuBee" */;
			compatibilityVersion = "Xcode 3.2";
			developmentRegion = English;
			hasScannedForEncodings = 0;
			knownRegions = (
				en,
			);
			mainGroup = "___RootGroup_";
			productRefGroup = "____Products_" /* Products */;
			projectDirPath = "";
			projectRoot = "";
			targets = (
				"______Target_RuBee" /* RuBee */,
				"______Target_RuBeeTests" /* RuBeeTests */,
			);
		};
/* End PBXProject section */

/* Begin PBXSourcesBuildPhase section */
		CompilePhase_RuBee /* Sources */ = {
			isa = PBXSourcesBuildPhase;
			buildActionMask = 0;
			files = (
				123A0B87A647F3CC2FB96383 /* re.swift in Sources */,
				123A02AAEE3E866A051298A2 /* lmain.swift in Sources */,
				123A0B224A47ECCECC1DF2FE /* RuBee.swift in Sources */,
				123A0880142C84A557C29826 /* RValue.swift in Sources */,
				123A0230ACD715634EC05D9A /* SwiftTypes.swift in Sources */,
				123A0E7F0A0BE394CA4FE8E9 /* Interpreter.swift in Sources */,
				123A02CF61B81CEBFA89A8EE /* FoundationExtensions.swift in Sources */,
				123A0DD14DC67B321D52B3EA /* RuBeeSupport.m in Sources */,
			);
			runOnlyForDeploymentPostprocessing = 0;
		};
		CompilePhase_RuBeeTests /* Sources */ = {
			isa = PBXSourcesBuildPhase;
			buildActionMask = 0;
			files = (
				__src_cc_ref_Tests/RuBeeTests/RuBeeTests.swift /* RuBeeTests.swift in Sources */,
				123A0B7BB93338B8BAA13963 /* re.swift in Sources */,
				123A00D027ECC7D210D01130 /* lmain.swift in Sources */,
				123A0E7EAFE54B8789943A88 /* RuBee.swift in Sources */,
				123A0ABBD0546DB17F039A2E /* RValue.swift in Sources */,
				D84092431DE2476500B9A955 /* FunctionsTests.swift in Sources */,
				123A0869D47A5813EEFC72F5 /* SwiftTypes.swift in Sources */,
				123A0F041E90EDD1A86C7A84 /* Interpreter.swift in Sources */,
				123A05BE302D3872F666BDF0 /* FoundationExtensions.swift in Sources */,
				123A0029FB7C578208C14E43 /* RuBeeSupport.m in Sources */,
			);
			runOnlyForDeploymentPostprocessing = 0;
		};
/* End PBXSourcesBuildPhase section */

/* Begin PBXTargetDependency section */
		__Dependency_RuBee /* PBXTargetDependency */ = {
			isa = PBXTargetDependency;
			target = "______Target_RuBee" /* RuBee */;
			targetProxy = D8A2FF631DBC2BDA00D00EA5 /* PBXContainerItemProxy */;
		};
/* End PBXTargetDependency section */

/* Begin XCBuildConfiguration section */
		_ReleaseConf_RuBee /* Release */ = {
			isa = XCBuildConfiguration;
			buildSettings = {
				CLANG_ENABLE_MODULES = YES;
				DEFINES_MODULE = YES;
				ENABLE_TESTABILITY = YES;
				FRAMEWORK_SEARCH_PATHS = "$(PLATFORM_DIR)/Developer/Library/Frameworks";
				HEADER_SEARCH_PATHS = "/Users/Joe/Projects/Mine/RuBee/Packages/Ruby-0.1.14";
				INFOPLIST_FILE = RuBee.xcodeproj/RuBee_Info.plist;
				LD_RUNPATH_SEARCH_PATHS = "$(TOOLCHAIN_DIR)/usr/lib/swift/macosx";
				OTHER_LDFLAGS = "$(inherited)";
				OTHER_SWIFT_FLAGS = "$(inherited)";
				PRODUCT_BUNDLE_IDENTIFIER = RuBee;
				PRODUCT_MODULE_NAME = "$(TARGET_NAME:c99extidentifier)";
				PRODUCT_NAME = "$(TARGET_NAME:c99extidentifier)";
				SWIFT_VERSION = 3.0;
			};
			name = Release;
		};
		_ReleaseConf_RuBeeTests /* Release */ = {
			isa = XCBuildConfiguration;
			buildSettings = {
				CLANG_ENABLE_MODULES = YES;
				EMBEDDED_CONTENT_CONTAINS_SWIFT = YES;
				FRAMEWORK_SEARCH_PATHS = "$(PLATFORM_DIR)/Developer/Library/Frameworks";
				HEADER_SEARCH_PATHS = "/Users/Joe/Projects/Mine/RuBee/Packages/Ruby-0.1.14";
				INFOPLIST_FILE = RuBee.xcodeproj/RuBeeTests_Info.plist;
				LD_RUNPATH_SEARCH_PATHS = "@loader_path/../Frameworks";
				OTHER_LDFLAGS = "$(inherited)";
				OTHER_SWIFT_FLAGS = "$(inherited)";
				SWIFT_VERSION = 3.0;
			};
			name = Release;
		};
		"___DebugConf_RuBee" /* Debug */ = {
			isa = XCBuildConfiguration;
			buildSettings = {
				CLANG_ENABLE_MODULES = YES;
				DEFINES_MODULE = YES;
				ENABLE_TESTABILITY = YES;
				FRAMEWORK_SEARCH_PATHS = "$(PLATFORM_DIR)/Developer/Library/Frameworks";
				HEADER_SEARCH_PATHS = "/Users/Joe/Projects/Mine/RuBee/Packages/Ruby-0.1.14";
				INFOPLIST_FILE = RuBee.xcodeproj/RuBee_Info.plist;
				LD_RUNPATH_SEARCH_PATHS = "$(TOOLCHAIN_DIR)/usr/lib/swift/macosx";
				OTHER_LDFLAGS = "$(inherited)";
				OTHER_SWIFT_FLAGS = "$(inherited)";
				PRODUCT_BUNDLE_IDENTIFIER = RuBee;
				PRODUCT_MODULE_NAME = "$(TARGET_NAME:c99extidentifier)";
				PRODUCT_NAME = "$(TARGET_NAME:c99extidentifier)";
				SWIFT_OPTIMIZATION_LEVEL = "-Onone";
				SWIFT_VERSION = 3.0;
			};
			name = Debug;
		};
		"___DebugConf_RuBeeTests" /* Debug */ = {
			isa = XCBuildConfiguration;
			buildSettings = {
				CLANG_ENABLE_MODULES = YES;
				EMBEDDED_CONTENT_CONTAINS_SWIFT = YES;
				FRAMEWORK_SEARCH_PATHS = "$(PLATFORM_DIR)/Developer/Library/Frameworks";
				HEADER_SEARCH_PATHS = "/Users/Joe/Projects/Mine/RuBee/Packages/Ruby-0.1.14";
				INFOPLIST_FILE = RuBee.xcodeproj/RuBeeTests_Info.plist;
				LD_RUNPATH_SEARCH_PATHS = "@loader_path/../Frameworks";
				OTHER_LDFLAGS = "$(inherited)";
				OTHER_SWIFT_FLAGS = "$(inherited)";
				SWIFT_OPTIMIZATION_LEVEL = "-Onone";
				SWIFT_VERSION = 3.0;
			};
			name = Debug;
		};
		"_____Release_" /* Release */ = {
			isa = XCBuildConfiguration;
			baseConfigurationReference = __PBXFileRef_RuBee.xcodeproj/Configs/Project.xcconfig /* RuBee.xcodeproj/Configs/Project.xcconfig */;
			buildSettings = {
			};
			name = Release;
		};
		"_______Debug_" /* Debug */ = {
			isa = XCBuildConfiguration;
			baseConfigurationReference = __PBXFileRef_RuBee.xcodeproj/Configs/Project.xcconfig /* RuBee.xcodeproj/Configs/Project.xcconfig */;
			buildSettings = {
			};
			name = Debug;
		};
/* End XCBuildConfiguration section */

/* Begin XCConfigurationList section */
		"___RootConfs_" /* Build configuration list for PBXProject "RuBee" */ = {
			isa = XCConfigurationList;
			buildConfigurations = (
				"_______Debug_" /* Debug */,
				"_____Release_" /* Release */,
			);
			defaultConfigurationIsVisible = 0;
			defaultConfigurationName = Debug;
		};
		"_______Confs_RuBee" /* Build configuration list for PBXNativeTarget "RuBee" */ = {
			isa = XCConfigurationList;
			buildConfigurations = (
				"___DebugConf_RuBee" /* Debug */,
				_ReleaseConf_RuBee /* Release */,
			);
			defaultConfigurationIsVisible = 0;
			defaultConfigurationName = Debug;
		};
		"_______Confs_RuBeeTests" /* Build configuration list for PBXNativeTarget "RuBeeTests" */ = {
			isa = XCConfigurationList;
			buildConfigurations = (
				"___DebugConf_RuBeeTests" /* Debug */,
				_ReleaseConf_RuBeeTests /* Release */,
			);
			defaultConfigurationIsVisible = 0;
			defaultConfigurationName = Debug;
		};
/* End XCConfigurationList section */
	};
	rootObject = __RootObject_ /* Project object */;
}
